
Microsoft Visual Studio Solution File, Format Version 12.00
# Visual Studio Version 17
VisualStudioVersion = 17.4.33110.190
MinimumVisualStudioVersion = 10.0.40219.1
Project("{FAE04EC0-301F-11D3-BF4B-00C04F79EFBC}") = "CISESPORT", "CISESPORT\CISESPORT.csproj", "{3FDA3D7B-38C8-43DA-A340-C712E34D02AB}"
EndProject
Global
	GlobalSection(SolutionConfigurationPlatforms) = preSolution
		Debug|Any CPU = Debug|Any CPU
		Release|Any CPU = Release|Any CPU
	EndGlobalSection
	GlobalSection(ProjectConfigurationPlatforms) = postSolution
		{3FDA3D7B-38C8-43DA-A340-C712E34D02AB}.Debug|Any CPU.ActiveCfg = Debug|Any CPU
		{3FDA3D7B-38C8-43DA-A340-C712E34D02AB}.Debug|Any CPU.Build.0 = Debug|Any CPU
		{3FDA3D7B-38C8-43DA-A340-C712E34D02AB}.Release|Any CPU.ActiveCfg = Release|Any CPU
		{3FDA3D7B-38C8-43DA-A340-C712E34D02AB}.Release|Any CPU.Build.0 = Release|Any CPU
	EndGlobalSection
	GlobalSection(SolutionProperties) = preSolution
		HideSolutionNode = FALSE
	EndGlobalSection
	GlobalSection(ExtensibilityGlobals) = postSolution
		SolutionGuid = {2C6D961C-4673-4BA0-B019-A5D6A705BEE8}
	EndGlobalSection
EndGlobal
